// !$*UTF8*$!
{
	archiveVersion = 1;
	classes = {
	};
	objectVersion = 56;
	objects = {

/* Begin PBXBuildFile section */
		D54E42132C0E89FC00A8B79D /* SwiftfulCryptoApp.swift in Sources */ = {isa = PBXBuildFile; fileRef = D54E42122C0E89FC00A8B79D /* SwiftfulCryptoApp.swift */; };
		D54E42152C0E89FC00A8B79D /* ContentView.swift in Sources */ = {isa = PBXBuildFile; fileRef = D54E42142C0E89FC00A8B79D /* ContentView.swift */; };
		D54E42172C0E89FE00A8B79D /* Assets.xcassets in Resources */ = {isa = PBXBuildFile; fileRef = D54E42162C0E89FE00A8B79D /* Assets.xcassets */; };
		D54E421A2C0E89FE00A8B79D /* Preview Assets.xcassets in Resources */ = {isa = PBXBuildFile; fileRef = D54E42192C0E89FE00A8B79D /* Preview Assets.xcassets */; };
		D54E42222C0E8C5300A8B79D /* Color.swift in Sources */ = {isa = PBXBuildFile; fileRef = D54E42212C0E8C5300A8B79D /* Color.swift */; };
		D54E42282C0E8F1500A8B79D /* HomeView.swift in Sources */ = {isa = PBXBuildFile; fileRef = D54E42272C0E8F1500A8B79D /* HomeView.swift */; };
		D54E422C2C0E903200A8B79D /* CircleButtonView.swift in Sources */ = {isa = PBXBuildFile; fileRef = D54E422B2C0E903200A8B79D /* CircleButtonView.swift */; };
		D54E42302C0EA1DE00A8B79D /* CircleButtonAnimationView.swift in Sources */ = {isa = PBXBuildFile; fileRef = D54E422F2C0EA1DE00A8B79D /* CircleButtonAnimationView.swift */; };
		D575F0CA2C14B22A00696370 /* HomeViewModel.swift in Sources */ = {isa = PBXBuildFile; fileRef = D575F0C92C14B22A00696370 /* HomeViewModel.swift */; };
		D575F0E72C15385E00696370 /* CoinDataService.swift in Sources */ = {isa = PBXBuildFile; fileRef = D575F0E62C15385E00696370 /* CoinDataService.swift */; };
		D58FAAEF2C0FDCEB008A97A4 /* CoinModel.swift in Sources */ = {isa = PBXBuildFile; fileRef = D58FAAEE2C0FDCEB008A97A4 /* CoinModel.swift */; };
		D5A088DB2C14199C00893356 /* CoinRowView.swift in Sources */ = {isa = PBXBuildFile; fileRef = D5A088DA2C14199C00893356 /* CoinRowView.swift */; };
		D5A088DD2C141A0300893356 /* MockCoinData.swift in Sources */ = {isa = PBXBuildFile; fileRef = D5A088DC2C141A0300893356 /* MockCoinData.swift */; };
		D5A088DF2C141F6A00893356 /* Double.swift in Sources */ = {isa = PBXBuildFile; fileRef = D5A088DE2C141F6A00893356 /* Double.swift */; };
		D5A2034B2D77A45900D1EA55 /* NetworkingManager.swift in Sources */ = {isa = PBXBuildFile; fileRef = D5A2034A2D77A45300D1EA55 /* NetworkingManager.swift */; };
		D5EAB6682D9C970E00A36911 /* CoinImageView.swift in Sources */ = {isa = PBXBuildFile; fileRef = D5EAB6672D9C970E00A36911 /* CoinImageView.swift */; };
		D5EAB66A2D9CA36500A36911 /* CoinImageService.swift in Sources */ = {isa = PBXBuildFile; fileRef = D5EAB6692D9CA36500A36911 /* CoinImageService.swift */; };
		D5EAB66C2D9CA82F00A36911 /* CoinImageViewModel.swift in Sources */ = {isa = PBXBuildFile; fileRef = D5EAB66B2D9CA82F00A36911 /* CoinImageViewModel.swift */; };
		D5EAB6702D9CB00B00A36911 /* DeveloperPreview.swift in Sources */ = {isa = PBXBuildFile; fileRef = D5EAB66F2D9CB00B00A36911 /* DeveloperPreview.swift */; };
/* End PBXBuildFile section */

/* Begin PBXFileReference section */
		D54E420F2C0E89FC00A8B79D /* SwiftfulCrypto.app */ = {isa = PBXFileReference; explicitFileType = wrapper.application; includeInIndex = 0; path = SwiftfulCrypto.app; sourceTree = BUILT_PRODUCTS_DIR; };
		D54E42122C0E89FC00A8B79D /* SwiftfulCryptoApp.swift */ = {isa = PBXFileReference; lastKnownFileType = sourcecode.swift; path = SwiftfulCryptoApp.swift; sourceTree = "<group>"; };
		D54E42142C0E89FC00A8B79D /* ContentView.swift */ = {isa = PBXFileReference; lastKnownFileType = sourcecode.swift; path = ContentView.swift; sourceTree = "<group>"; };
		D54E42162C0E89FE00A8B79D /* Assets.xcassets */ = {isa = PBXFileReference; lastKnownFileType = folder.assetcatalog; path = Assets.xcassets; sourceTree = "<group>"; };
		D54E42192C0E89FE00A8B79D /* Preview Assets.xcassets */ = {isa = PBXFileReference; lastKnownFileType = folder.assetcatalog; path = "Preview Assets.xcassets"; sourceTree = "<group>"; };
		D54E42212C0E8C5300A8B79D /* Color.swift */ = {isa = PBXFileReference; lastKnownFileType = sourcecode.swift; path = Color.swift; sourceTree = "<group>"; };
		D54E42272C0E8F1500A8B79D /* HomeView.swift */ = {isa = PBXFileReference; lastKnownFileType = sourcecode.swift; path = HomeView.swift; sourceTree = "<group>"; };
		D54E422B2C0E903200A8B79D /* CircleButtonView.swift */ = {isa = PBXFileReference; lastKnownFileType = sourcecode.swift; path = CircleButtonView.swift; sourceTree = "<group>"; };
		D54E422F2C0EA1DE00A8B79D /* CircleButtonAnimationView.swift */ = {isa = PBXFileReference; lastKnownFileType = sourcecode.swift; path = CircleButtonAnimationView.swift; sourceTree = "<group>"; };
		D575F0C92C14B22A00696370 /* HomeViewModel.swift */ = {isa = PBXFileReference; lastKnownFileType = sourcecode.swift; path = HomeViewModel.swift; sourceTree = "<group>"; };
		D575F0E62C15385E00696370 /* CoinDataService.swift */ = {isa = PBXFileReference; lastKnownFileType = sourcecode.swift; path = CoinDataService.swift; sourceTree = "<group>"; };
		D58FAAEE2C0FDCEB008A97A4 /* CoinModel.swift */ = {isa = PBXFileReference; lastKnownFileType = sourcecode.swift; path = CoinModel.swift; sourceTree = "<group>"; };
		D5A088DA2C14199C00893356 /* CoinRowView.swift */ = {isa = PBXFileReference; lastKnownFileType = sourcecode.swift; path = CoinRowView.swift; sourceTree = "<group>"; };
		D5A088DC2C141A0300893356 /* MockCoinData.swift */ = {isa = PBXFileReference; lastKnownFileType = sourcecode.swift; path = MockCoinData.swift; sourceTree = "<group>"; };
		D5A088DE2C141F6A00893356 /* Double.swift */ = {isa = PBXFileReference; lastKnownFileType = sourcecode.swift; path = Double.swift; sourceTree = "<group>"; };
		D5A2034A2D77A45300D1EA55 /* NetworkingManager.swift */ = {isa = PBXFileReference; lastKnownFileType = sourcecode.swift; path = NetworkingManager.swift; sourceTree = "<group>"; };
		D5EAB6672D9C970E00A36911 /* CoinImageView.swift */ = {isa = PBXFileReference; lastKnownFileType = sourcecode.swift; path = CoinImageView.swift; sourceTree = "<group>"; };
		D5EAB6692D9CA36500A36911 /* CoinImageService.swift */ = {isa = PBXFileReference; lastKnownFileType = sourcecode.swift; path = CoinImageService.swift; sourceTree = "<group>"; };
		D5EAB66B2D9CA82F00A36911 /* CoinImageViewModel.swift */ = {isa = PBXFileReference; lastKnownFileType = sourcecode.swift; path = CoinImageViewModel.swift; sourceTree = "<group>"; };
		D5EAB66F2D9CB00B00A36911 /* DeveloperPreview.swift */ = {isa = PBXFileReference; lastKnownFileType = sourcecode.swift; path = DeveloperPreview.swift; sourceTree = "<group>"; };
/* End PBXFileReference section */

/* Begin PBXFrameworksBuildPhase section */
		D54E420C2C0E89FC00A8B79D /* Frameworks */ = {
			isa = PBXFrameworksBuildPhase;
			buildActionMask = 2147483647;
			files = (
			);
			runOnlyForDeploymentPostprocessing = 0;
		};
/* End PBXFrameworksBuildPhase section */

/* Begin PBXGroup section */
		D54E42062C0E89FC00A8B79D = {
			isa = PBXGroup;
			children = (
				D54E42112C0E89FC00A8B79D /* SwiftfulCrypto */,
				D54E42102C0E89FC00A8B79D /* Products */,
			);
			sourceTree = "<group>";
		};
		D54E42102C0E89FC00A8B79D /* Products */ = {
			isa = PBXGroup;
			children = (
				D54E420F2C0E89FC00A8B79D /* SwiftfulCrypto.app */,
			);
			name = Products;
			sourceTree = "<group>";
		};
		D54E42112C0E89FC00A8B79D /* SwiftfulCrypto */ = {
			isa = PBXGroup;
			children = (
				D54E42122C0E89FC00A8B79D /* SwiftfulCryptoApp.swift */,
				D5A203492D77A43F00D1EA55 /* Utilities */,
				D575F0E52C15384700696370 /* Services */,
				D58FAAED2C0FDCD5008A97A4 /* Models */,
				D54E42202C0E8C3F00A8B79D /* Extensions */,
				D54E42232C0E8ECE00A8B79D /* Core */,
				D54E42162C0E89FE00A8B79D /* Assets.xcassets */,
				D54E42142C0E89FC00A8B79D /* ContentView.swift */,
				D54E42182C0E89FE00A8B79D /* Preview Content */,
			);
			path = SwiftfulCrypto;
			sourceTree = "<group>";
		};
		D54E42182C0E89FE00A8B79D /* Preview Content */ = {
			isa = PBXGroup;
			children = (
				D54E42192C0E89FE00A8B79D /* Preview Assets.xcassets */,
			);
			path = "Preview Content";
			sourceTree = "<group>";
		};
		D54E42202C0E8C3F00A8B79D /* Extensions */ = {
			isa = PBXGroup;
			children = (
				D54E42212C0E8C5300A8B79D /* Color.swift */,
				D5A088DE2C141F6A00893356 /* Double.swift */,
				D5EAB66F2D9CB00B00A36911 /* DeveloperPreview.swift */,
			);
			path = Extensions;
			sourceTree = "<group>";
		};
		D54E42232C0E8ECE00A8B79D /* Core */ = {
			isa = PBXGroup;
			children = (
				D54E42292C0E901800A8B79D /* Components */,
				D54E42242C0E8ED800A8B79D /* Home */,
			);
			path = Core;
			sourceTree = "<group>";
		};
		D54E42242C0E8ED800A8B79D /* Home */ = {
			isa = PBXGroup;
			children = (
				D54E42262C0E8EE600A8B79D /* Views */,
				D54E42252C0E8EDD00A8B79D /* ViewModels */,
			);
			path = Home;
			sourceTree = "<group>";
		};
		D54E42252C0E8EDD00A8B79D /* ViewModels */ = {
			isa = PBXGroup;
			children = (
				D575F0C92C14B22A00696370 /* HomeViewModel.swift */,
			);
			path = ViewModels;
			sourceTree = "<group>";
		};
		D54E42262C0E8EE600A8B79D /* Views */ = {
			isa = PBXGroup;
			children = (
				D54E42272C0E8F1500A8B79D /* HomeView.swift */,
				D5A088DA2C14199C00893356 /* CoinRowView.swift */,
			);
			path = Views;
			sourceTree = "<group>";
		};
		D54E42292C0E901800A8B79D /* Components */ = {
			isa = PBXGroup;
			children = (
				D5EAB6642D9C96E000A36911 /* CoinImage */,
				D54E422A2C0E902600A8B79D /* CircleButton */,
			);
			path = Components;
			sourceTree = "<group>";
		};
		D54E422A2C0E902600A8B79D /* CircleButton */ = {
			isa = PBXGroup;
			children = (
				D54E422B2C0E903200A8B79D /* CircleButtonView.swift */,
				D54E422F2C0EA1DE00A8B79D /* CircleButtonAnimationView.swift */,
			);
			path = CircleButton;
			sourceTree = "<group>";
		};
		D575F0E52C15384700696370 /* Services */ = {
			isa = PBXGroup;
			children = (
				D575F0E62C15385E00696370 /* CoinDataService.swift */,
				D5EAB6692D9CA36500A36911 /* CoinImageService.swift */,
			);
			path = Services;
			sourceTree = "<group>";
		};
		D58FAAED2C0FDCD5008A97A4 /* Models */ = {
			isa = PBXGroup;
			children = (
				D5A088DC2C141A0300893356 /* MockCoinData.swift */,
				D58FAAEE2C0FDCEB008A97A4 /* CoinModel.swift */,
			);
			path = Models;
			sourceTree = "<group>";
		};
		D5A203492D77A43F00D1EA55 /* Utilities */ = {
			isa = PBXGroup;
			children = (
				D5A2034A2D77A45300D1EA55 /* NetworkingManager.swift */,
			);
			path = Utilities;
			sourceTree = "<group>";
		};
		D5EAB6642D9C96E000A36911 /* CoinImage */ = {
			isa = PBXGroup;
			children = (
				D5EAB6672D9C970E00A36911 /* CoinImageView.swift */,
				D5EAB66B2D9CA82F00A36911 /* CoinImageViewModel.swift */,
			);
			path = CoinImage;
			sourceTree = "<group>";
		};
/* End PBXGroup section */

/* Begin PBXNativeTarget section */
		D54E420E2C0E89FC00A8B79D /* SwiftfulCrypto */ = {
			isa = PBXNativeTarget;
			buildConfigurationList = D54E421D2C0E89FE00A8B79D /* Build configuration list for PBXNativeTarget "SwiftfulCrypto" */;
			buildPhases = (
				D54E420B2C0E89FC00A8B79D /* Sources */,
				D54E420C2C0E89FC00A8B79D /* Frameworks */,
				D54E420D2C0E89FC00A8B79D /* Resources */,
			);
			buildRules = (
			);
			dependencies = (
			);
			name = SwiftfulCrypto;
			productName = SwiftfulCrypto;
			productReference = D54E420F2C0E89FC00A8B79D /* SwiftfulCrypto.app */;
			productType = "com.apple.product-type.application";
		};
/* End PBXNativeTarget section */

/* Begin PBXProject section */
		D54E42072C0E89FC00A8B79D /* Project object */ = {
			isa = PBXProject;
			attributes = {
				BuildIndependentTargetsInParallel = 1;
				LastSwiftUpdateCheck = 1540;
				LastUpgradeCheck = 1540;
				TargetAttributes = {
					D54E420E2C0E89FC00A8B79D = {
						CreatedOnToolsVersion = 15.4;
					};
				};
			};
			buildConfigurationList = D54E420A2C0E89FC00A8B79D /* Build configuration list for PBXProject "SwiftfulCrypto" */;
			compatibilityVersion = "Xcode 14.0";
			developmentRegion = en;
			hasScannedForEncodings = 0;
			knownRegions = (
				en,
				Base,
			);
			mainGroup = D54E42062C0E89FC00A8B79D;
			productRefGroup = D54E42102C0E89FC00A8B79D /* Products */;
			projectDirPath = "";
			projectRoot = "";
			targets = (
				D54E420E2C0E89FC00A8B79D /* SwiftfulCrypto */,
			);
		};
/* End PBXProject section */

/* Begin PBXResourcesBuildPhase section */
		D54E420D2C0E89FC00A8B79D /* Resources */ = {
			isa = PBXResourcesBuildPhase;
			buildActionMask = 2147483647;
			files = (
				D54E421A2C0E89FE00A8B79D /* Preview Assets.xcassets in Resources */,
				D54E42172C0E89FE00A8B79D /* Assets.xcassets in Resources */,
			);
			runOnlyForDeploymentPostprocessing = 0;
		};
/* End PBXResourcesBuildPhase section */

/* Begin PBXSourcesBuildPhase section */
		D54E420B2C0E89FC00A8B79D /* Sources */ = {
			isa = PBXSourcesBuildPhase;
			buildActionMask = 2147483647;
			files = (
				D575F0E72C15385E00696370 /* CoinDataService.swift in Sources */,
				D5A088DB2C14199C00893356 /* CoinRowView.swift in Sources */,
				D575F0CA2C14B22A00696370 /* HomeViewModel.swift in Sources */,
				D54E42152C0E89FC00A8B79D /* ContentView.swift in Sources */,
				D54E42282C0E8F1500A8B79D /* HomeView.swift in Sources */,
				D5EAB6682D9C970E00A36911 /* CoinImageView.swift in Sources */,
				D5EAB6702D9CB00B00A36911 /* DeveloperPreview.swift in Sources */,
				D54E42132C0E89FC00A8B79D /* SwiftfulCryptoApp.swift in Sources */,
				D54E422C2C0E903200A8B79D /* CircleButtonView.swift in Sources */,
				D54E42222C0E8C5300A8B79D /* Color.swift in Sources */,
				D5A2034B2D77A45900D1EA55 /* NetworkingManager.swift in Sources */,
				D54E42302C0EA1DE00A8B79D /* CircleButtonAnimationView.swift in Sources */,
				D5EAB66C2D9CA82F00A36911 /* CoinImageViewModel.swift in Sources */,
				D5A088DD2C141A0300893356 /* MockCoinData.swift in Sources */,
				D5A088DF2C141F6A00893356 /* Double.swift in Sources */,
				D5EAB66A2D9CA36500A36911 /* CoinImageService.swift in Sources */,
				D58FAAEF2C0FDCEB008A97A4 /* CoinModel.swift in Sources */,
			);
			runOnlyForDeploymentPostprocessing = 0;
		};
/* End PBXSourcesBuildPhase section */

/* Begin XCBuildConfiguration section */
		D54E421B2C0E89FE00A8B79D /* Debug */ = {
			isa = XCBuildConfiguration;
			buildSettings = {
				ALWAYS_SEARCH_USER_PATHS = NO;
				ASSETCATALOG_COMPILER_GENERATE_SWIFT_ASSET_SYMBOL_EXTENSIONS = YES;
				CLANG_ANALYZER_NONNULL = YES;
				CLANG_ANALYZER_NUMBER_OBJECT_CONVERSION = YES_AGGRESSIVE;
				CLANG_CXX_LANGUAGE_STANDARD = "gnu++20";
				CLANG_ENABLE_MODULES = YES;
				CLANG_ENABLE_OBJC_ARC = YES;
				CLANG_ENABLE_OBJC_WEAK = YES;
				CLANG_WARN_BLOCK_CAPTURE_AUTORELEASING = YES;
				CLANG_WARN_BOOL_CONVERSION = YES;
				CLANG_WARN_COMMA = YES;
				CLANG_WARN_CONSTANT_CONVERSION = YES;
				CLANG_WARN_DEPRECATED_OBJC_IMPLEMENTATIONS = YES;
				CLANG_WARN_DIRECT_OBJC_ISA_USAGE = YES_ERROR;
				CLANG_WARN_DOCUMENTATION_COMMENTS = YES;
				CLANG_WARN_EMPTY_BODY = YES;
				CLANG_WARN_ENUM_CONVERSION = YES;
				CLANG_WARN_INFINITE_RECURSION = YES;
				CLANG_WARN_INT_CONVERSION = YES;
				CLANG_WARN_NON_LITERAL_NULL_CONVERSION = YES;
				CLANG_WARN_OBJC_IMPLICIT_RETAIN_SELF = YES;
				CLANG_WARN_OBJC_LITERAL_CONVERSION = YES;
				CLANG_WARN_OBJC_ROOT_CLASS = YES_ERROR;
				CLANG_WARN_QUOTED_INCLUDE_IN_FRAMEWORK_HEADER = YES;
				CLANG_WARN_RANGE_LOOP_ANALYSIS = YES;
				CLANG_WARN_STRICT_PROTOTYPES = YES;
				CLANG_WARN_SUSPICIOUS_MOVE = YES;
				CLANG_WARN_UNGUARDED_AVAILABILITY = YES_AGGRESSIVE;
				CLANG_WARN_UNREACHABLE_CODE = YES;
				CLANG_WARN__DUPLICATE_METHOD_MATCH = YES;
				COPY_PHASE_STRIP = NO;
				DEBUG_INFORMATION_FORMAT = dwarf;
				ENABLE_STRICT_OBJC_MSGSEND = YES;
				ENABLE_TESTABILITY = YES;
				ENABLE_USER_SCRIPT_SANDBOXING = YES;
				GCC_C_LANGUAGE_STANDARD = gnu17;
				GCC_DYNAMIC_NO_PIC = NO;
				GCC_NO_COMMON_BLOCKS = YES;
				GCC_OPTIMIZATION_LEVEL = 0;
				GCC_PREPROCESSOR_DEFINITIONS = (
					"DEBUG=1",
					"$(inherited)",
				);
				GCC_WARN_64_TO_32_BIT_CONVERSION = YES;
				GCC_WARN_ABOUT_RETURN_TYPE = YES_ERROR;
				GCC_WARN_UNDECLARED_SELECTOR = YES;
				GCC_WARN_UNINITIALIZED_AUTOS = YES_AGGRESSIVE;
				GCC_WARN_UNUSED_FUNCTION = YES;
				GCC_WARN_UNUSED_VARIABLE = YES;
				IPHONEOS_DEPLOYMENT_TARGET = 17.5;
				LOCALIZATION_PREFERS_STRING_CATALOGS = YES;
				MTL_ENABLE_DEBUG_INFO = INCLUDE_SOURCE;
				MTL_FAST_MATH = YES;
				ONLY_ACTIVE_ARCH = YES;
				SDKROOT = iphoneos;
				SWIFT_ACTIVE_COMPILATION_CONDITIONS = "DEBUG $(inherited)";
				SWIFT_OPTIMIZATION_LEVEL = "-Onone";
			};
			name = Debug;
		};
		D54E421C2C0E89FE00A8B79D /* Release */ = {
			isa = XCBuildConfiguration;
			buildSettings = {
				ALWAYS_SEARCH_USER_PATHS = NO;
				ASSETCATALOG_COMPILER_GENERATE_SWIFT_ASSET_SYMBOL_EXTENSIONS = YES;
				CLANG_ANALYZER_NONNULL = YES;
				CLANG_ANALYZER_NUMBER_OBJECT_CONVERSION = YES_AGGRESSIVE;
				CLANG_CXX_LANGUAGE_STANDARD = "gnu++20";
				CLANG_ENABLE_MODULES = YES;
				CLANG_ENABLE_OBJC_ARC = YES;
				CLANG_ENABLE_OBJC_WEAK = YES;
				CLANG_WARN_BLOCK_CAPTURE_AUTORELEASING = YES;
				CLANG_WARN_BOOL_CONVERSION = YES;
				CLANG_WARN_COMMA = YES;
				CLANG_WARN_CONSTANT_CONVERSION = YES;
				CLANG_WARN_DEPRECATED_OBJC_IMPLEMENTATIONS = YES;
				CLANG_WARN_DIRECT_OBJC_ISA_USAGE = YES_ERROR;
				CLANG_WARN_DOCUMENTATION_COMMENTS = YES;
				CLANG_WARN_EMPTY_BODY = YES;
				CLANG_WARN_ENUM_CONVERSION = YES;
				CLANG_WARN_INFINITE_RECURSION = YES;
				CLANG_WARN_INT_CONVERSION = YES;
				CLANG_WARN_NON_LITERAL_NULL_CONVERSION = YES;
				CLANG_WARN_OBJC_IMPLICIT_RETAIN_SELF = YES;
				CLANG_WARN_OBJC_LITERAL_CONVERSION = YES;
				CLANG_WARN_OBJC_ROOT_CLASS = YES_ERROR;
				CLANG_WARN_QUOTED_INCLUDE_IN_FRAMEWORK_HEADER = YES;
				CLANG_WARN_RANGE_LOOP_ANALYSIS = YES;
				CLANG_WARN_STRICT_PROTOTYPES = YES;
				CLANG_WARN_SUSPICIOUS_MOVE = YES;
				CLANG_WARN_UNGUARDED_AVAILABILITY = YES_AGGRESSIVE;
				CLANG_WARN_UNREACHABLE_CODE = YES;
				CLANG_WARN__DUPLICATE_METHOD_MATCH = YES;
				COPY_PHASE_STRIP = NO;
				DEBUG_INFORMATION_FORMAT = "dwarf-with-dsym";
				ENABLE_NS_ASSERTIONS = NO;
				ENABLE_STRICT_OBJC_MSGSEND = YES;
				ENABLE_USER_SCRIPT_SANDBOXING = YES;
				GCC_C_LANGUAGE_STANDARD = gnu17;
				GCC_NO_COMMON_BLOCKS = YES;
				GCC_WARN_64_TO_32_BIT_CONVERSION = YES;
				GCC_WARN_ABOUT_RETURN_TYPE = YES_ERROR;
				GCC_WARN_UNDECLARED_SELECTOR = YES;
				GCC_WARN_UNINITIALIZED_AUTOS = YES_AGGRESSIVE;
				GCC_WARN_UNUSED_FUNCTION = YES;
				GCC_WARN_UNUSED_VARIABLE = YES;
				IPHONEOS_DEPLOYMENT_TARGET = 17.5;
				LOCALIZATION_PREFERS_STRING_CATALOGS = YES;
				MTL_ENABLE_DEBUG_INFO = NO;
				MTL_FAST_MATH = YES;
				SDKROOT = iphoneos;
				SWIFT_COMPILATION_MODE = wholemodule;
				VALIDATE_PRODUCT = YES;
			};
			name = Release;
		};
		D54E421E2C0E89FE00A8B79D /* Debug */ = {
			isa = XCBuildConfiguration;
			buildSettings = {
				ASSETCATALOG_COMPILER_APPICON_NAME = AppIcon;
				ASSETCATALOG_COMPILER_GLOBAL_ACCENT_COLOR_NAME = AccentColor;
				CODE_SIGN_STYLE = Automatic;
				CURRENT_PROJECT_VERSION = 1;
				DEVELOPMENT_ASSET_PATHS = "\"SwiftfulCrypto/Preview Content\"";
				DEVELOPMENT_TEAM = D6W5C7ZBWC;
				ENABLE_PREVIEWS = YES;
				GENERATE_INFOPLIST_FILE = YES;
				INFOPLIST_KEY_CFBundleDisplayName = "Cryto Tracker";
				INFOPLIST_KEY_UIApplicationSceneManifest_Generation = YES;
				INFOPLIST_KEY_UIApplicationSupportsIndirectInputEvents = YES;
				INFOPLIST_KEY_UILaunchScreen_Generation = YES;
				INFOPLIST_KEY_UISupportedInterfaceOrientations = UIInterfaceOrientationPortrait;
				LD_RUNPATH_SEARCH_PATHS = (
					"$(inherited)",
					"@executable_path/Frameworks",
				);
				MARKETING_VERSION = 1.0;
				PRODUCT_BUNDLE_IDENTIFIER = jacobyoostudios.SwiftfulCrypto;
				PRODUCT_NAME = "$(TARGET_NAME)";
				SWIFT_EMIT_LOC_STRINGS = YES;
				SWIFT_VERSION = 5.0;
				TARGETED_DEVICE_FAMILY = "1,2";
			};
			name = Debug;
		};
		D54E421F2C0E89FE00A8B79D /* Release */ = {
			isa = XCBuildConfiguration;
			buildSettings = {
				ASSETCATALOG_COMPILER_APPICON_NAME = AppIcon;
				ASSETCATALOG_COMPILER_GLOBAL_ACCENT_COLOR_NAME = AccentColor;
				CODE_SIGN_STYLE = Automatic;
				CURRENT_PROJECT_VERSION = 1;
				DEVELOPMENT_ASSET_PATHS = "\"SwiftfulCrypto/Preview Content\"";
				DEVELOPMENT_TEAM = D6W5C7ZBWC;
				ENABLE_PREVIEWS = YES;
				GENERATE_INFOPLIST_FILE = YES;
				INFOPLIST_KEY_CFBundleDisplayName = "Cryto Tracker";
				INFOPLIST_KEY_UIApplicationSceneManifest_Generation = YES;
				INFOPLIST_KEY_UIApplicationSupportsIndirectInputEvents = YES;
				INFOPLIST_KEY_UILaunchScreen_Generation = YES;
				INFOPLIST_KEY_UISupportedInterfaceOrientations = UIInterfaceOrientationPortrait;
				LD_RUNPATH_SEARCH_PATHS = (
					"$(inherited)",
					"@executable_path/Frameworks",
				);
				MARKETING_VERSION = 1.0;
				PRODUCT_BUNDLE_IDENTIFIER = jacobyoostudios.SwiftfulCrypto;
				PRODUCT_NAME = "$(TARGET_NAME)";
				SWIFT_EMIT_LOC_STRINGS = YES;
				SWIFT_VERSION = 5.0;
				TARGETED_DEVICE_FAMILY = "1,2";
			};
			name = Release;
		};
/* End XCBuildConfiguration section */

/* Begin XCConfigurationList section */
		D54E420A2C0E89FC00A8B79D /* Build configuration list for PBXProject "SwiftfulCrypto" */ = {
			isa = XCConfigurationList;
			buildConfigurations = (
				D54E421B2C0E89FE00A8B79D /* Debug */,
				D54E421C2C0E89FE00A8B79D /* Release */,
			);
			defaultConfigurationIsVisible = 0;
			defaultConfigurationName = Release;
		};
		D54E421D2C0E89FE00A8B79D /* Build configuration list for PBXNativeTarget "SwiftfulCrypto" */ = {
			isa = XCConfigurationList;
			buildConfigurations = (
				D54E421E2C0E89FE00A8B79D /* Debug */,
				D54E421F2C0E89FE00A8B79D /* Release */,
			);
			defaultConfigurationIsVisible = 0;
			defaultConfigurationName = Release;
		};
/* End XCConfigurationList section */
	};
	rootObject = D54E42072C0E89FC00A8B79D /* Project object */;
}
